PODS:
  - FLEX (2.4.0)
  - FMDB (2.7.2):
    - FMDB/standard (= 2.7.2)
  - FMDB/standard (2.7.2)
  - YYModel (1.0.4)

DEPENDENCIES:
  - FLEX (~> 2.0)
  - FMDB
  - YYModel

SPEC CHECKSUMS:
  FLEX: bd1a39e55b56bb413b6f1b34b3c10a0dc44ef079
  FMDB: 6198a90e7b6900cfc046e6bc0ef6ebb7be9236aa
  YYModel: 2a7fdd96aaa4b86a824e26d0c517de8928c04b30

PODFILE CHECKSUM: 2cb3f2346380701c580b1718729ad43474fed329

COCOAPODS: 1.4.0
