// !$*UTF8*$!
{
	archiveVersion = 1;
	classes = {
	};
	objectVersion = 50;
	objects = {

/* Begin PBXBuildFile section */
		1D630BEBE70BE4F1DC04301D /* libPods-MyPlayer.a in Frameworks */ = {isa = PBXBuildFile; fileRef = 8A205C55CB1DEB5DCA1DDEA2 /* libPods-MyPlayer.a */; };
		5424E23820BD5F37008D76F2 /* NSString+MPTools.m in Sources */ = {isa = PBXBuildFile; fileRef = 5424E22D20BD5F36008D76F2 /* NSString+MPTools.m */; };
		5424E23920BD5F37008D76F2 /* MPAuidoListModel.m in Sources */ = {isa = PBXBuildFile; fileRef = 5424E23420BD5F36008D76F2 /* MPAuidoListModel.m */; };
		5424E23A20BD5F37008D76F2 /* MPAudioListCell.m in Sources */ = {isa = PBXBuildFile; fileRef = 5424E23520BD5F36008D76F2 /* MPAudioListCell.m */; };
		5424E23B20BD5F37008D76F2 /* MPAudioListVC.m in Sources */ = {isa = PBXBuildFile; fileRef = 5424E23720BD5F36008D76F2 /* MPAudioListVC.m */; };
		5424E24820BD6027008D76F2 /* MPAudioMetadata.m in Sources */ = {isa = PBXBuildFile; fileRef = 5424E24520BD6027008D76F2 /* MPAudioMetadata.m */; };
		5424E24920BD6027008D76F2 /* MPAudioBasicInfo.m in Sources */ = {isa = PBXBuildFile; fileRef = 5424E24620BD6027008D76F2 /* MPAudioBasicInfo.m */; };
		5424E25220BD60E1008D76F2 /* MPSuperController.m in Sources */ = {isa = PBXBuildFile; fileRef = 5424E24F20BD60E1008D76F2 /* MPSuperController.m */; };
		5424E25320BD60E1008D76F2 /* MPNavigaionController.m in Sources */ = {isa = PBXBuildFile; fileRef = 5424E25020BD60E1008D76F2 /* MPNavigaionController.m */; };
		5424E25620BD6532008D76F2 /* UIView+Size.m in Sources */ = {isa = PBXBuildFile; fileRef = 5424E25520BD6532008D76F2 /* UIView+Size.m */; };
		54531BD52094751F0015F8F8 /* AppDelegate.m in Sources */ = {isa = PBXBuildFile; fileRef = 54531BD42094751F0015F8F8 /* AppDelegate.m */; };
		54531BDD209475200015F8F8 /* Assets.xcassets in Resources */ = {isa = PBXBuildFile; fileRef = 54531BDC209475200015F8F8 /* Assets.xcassets */; };
		54531BE3209475200015F8F8 /* main.m in Sources */ = {isa = PBXBuildFile; fileRef = 54531BE2209475200015F8F8 /* main.m */; };
		54531BEB209476620015F8F8 /* MPViewController.m in Sources */ = {isa = PBXBuildFile; fileRef = 54531BEA209476620015F8F8 /* MPViewController.m */; };
		54531BED20947CF10015F8F8 /* MPViewController.xib in Resources */ = {isa = PBXBuildFile; fileRef = 54531BEC20947CF10015F8F8 /* MPViewController.xib */; };
		546BA73E209C5C0C00BC87A8 /* MPSQLExecutor+SQLString.m in Sources */ = {isa = PBXBuildFile; fileRef = 546BA73D209C5C0C00BC87A8 /* MPSQLExecutor+SQLString.m */; };
		546BA741209C5EF800BC87A8 /* MPSQLDescription.m in Sources */ = {isa = PBXBuildFile; fileRef = 546BA740209C5EF800BC87A8 /* MPSQLDescription.m */; };
		54BF937E20A1393C00B1A6E9 /* MPSQLFMDBSelector.m in Sources */ = {isa = PBXBuildFile; fileRef = 54BF937D20A1393C00B1A6E9 /* MPSQLFMDBSelector.m */; };
		54C1499E2096ACE600E5A095 /* MPAudioReceiver.m in Sources */ = {isa = PBXBuildFile; fileRef = 54C1499D2096ACE600E5A095 /* MPAudioReceiver.m */; };
		54C5F7492096FB1E0080A243 /* MPOriginPlayer.m in Sources */ = {isa = PBXBuildFile; fileRef = 54C5F7482096FB1E0080A243 /* MPOriginPlayer.m */; };
		54C5F74D20973FF10080A243 /* MPSQLExecutor.m in Sources */ = {isa = PBXBuildFile; fileRef = 54C5F74C20973FF10080A243 /* MPSQLExecutor.m */; };
		54C5F7502097402E0080A243 /* MPSQLCondition.m in Sources */ = {isa = PBXBuildFile; fileRef = 54C5F74F2097402E0080A243 /* MPSQLCondition.m */; };
/* End PBXBuildFile section */

/* Begin PBXFileReference section */
		10CA878E998704BCA5B89D56 /* Pods-MyPlayer.debug.xcconfig */ = {isa = PBXFileReference; includeInIndex = 1; lastKnownFileType = text.xcconfig; name = "Pods-MyPlayer.debug.xcconfig"; path = "Pods/Target Support Files/Pods-MyPlayer/Pods-MyPlayer.debug.xcconfig"; sourceTree = "<group>"; };
		5424E22D20BD5F36008D76F2 /* NSString+MPTools.m */ = {isa = PBXFileReference; fileEncoding = 4; lastKnownFileType = sourcecode.c.objc; path = "NSString+MPTools.m"; sourceTree = "<group>"; };
		5424E22E20BD5F36008D76F2 /* WeakBlock.h */ = {isa = PBXFileReference; fileEncoding = 4; lastKnownFileType = sourcecode.c.h; path = WeakBlock.h; sourceTree = "<group>"; };
		5424E22F20BD5F36008D76F2 /* LogMacroUtils.h */ = {isa = PBXFileReference; fileEncoding = 4; lastKnownFileType = sourcecode.c.h; path = LogMacroUtils.h; sourceTree = "<group>"; };
		5424E23020BD5F36008D76F2 /* NSString+MPTools.h */ = {isa = PBXFileReference; fileEncoding = 4; lastKnownFileType = sourcecode.c.h; path = "NSString+MPTools.h"; sourceTree = "<group>"; };
		5424E23220BD5F36008D76F2 /* MPAudioListCell.h */ = {isa = PBXFileReference; fileEncoding = 4; lastKnownFileType = sourcecode.c.h; path = MPAudioListCell.h; sourceTree = "<group>"; };
		5424E23320BD5F36008D76F2 /* MPAudioListVC.h */ = {isa = PBXFileReference; fileEncoding = 4; lastKnownFileType = sourcecode.c.h; path = MPAudioListVC.h; sourceTree = "<group>"; };
		5424E23420BD5F36008D76F2 /* MPAuidoListModel.m */ = {isa = PBXFileReference; fileEncoding = 4; lastKnownFileType = sourcecode.c.objc; path = MPAuidoListModel.m; sourceTree = "<group>"; };
		5424E23520BD5F36008D76F2 /* MPAudioListCell.m */ = {isa = PBXFileReference; fileEncoding = 4; lastKnownFileType = sourcecode.c.objc; path = MPAudioListCell.m; sourceTree = "<group>"; };
		5424E23620BD5F36008D76F2 /* MPAuidoListModel.h */ = {isa = PBXFileReference; fileEncoding = 4; lastKnownFileType = sourcecode.c.h; path = MPAuidoListModel.h; sourceTree = "<group>"; };
		5424E23720BD5F36008D76F2 /* MPAudioListVC.m */ = {isa = PBXFileReference; fileEncoding = 4; lastKnownFileType = sourcecode.c.objc; path = MPAudioListVC.m; sourceTree = "<group>"; };
		5424E24420BD6027008D76F2 /* MPAudioBasicInfo.h */ = {isa = PBXFileReference; fileEncoding = 4; lastKnownFileType = sourcecode.c.h; path = MPAudioBasicInfo.h; sourceTree = "<group>"; };
		5424E24520BD6027008D76F2 /* MPAudioMetadata.m */ = {isa = PBXFileReference; fileEncoding = 4; lastKnownFileType = sourcecode.c.objc; path = MPAudioMetadata.m; sourceTree = "<group>"; };
		5424E24620BD6027008D76F2 /* MPAudioBasicInfo.m */ = {isa = PBXFileReference; fileEncoding = 4; lastKnownFileType = sourcecode.c.objc; path = MPAudioBasicInfo.m; sourceTree = "<group>"; };
		5424E24720BD6027008D76F2 /* MPAudioMetadata.h */ = {isa = PBXFileReference; fileEncoding = 4; lastKnownFileType = sourcecode.c.h; path = MPAudioMetadata.h; sourceTree = "<group>"; };
		5424E24E20BD60E1008D76F2 /* MPNavigaionController.h */ = {isa = PBXFileReference; fileEncoding = 4; lastKnownFileType = sourcecode.c.h; path = MPNavigaionController.h; sourceTree = "<group>"; };
		5424E24F20BD60E1008D76F2 /* MPSuperController.m */ = {isa = PBXFileReference; fileEncoding = 4; lastKnownFileType = sourcecode.c.objc; path = MPSuperController.m; sourceTree = "<group>"; };
		5424E25020BD60E1008D76F2 /* MPNavigaionController.m */ = {isa = PBXFileReference; fileEncoding = 4; lastKnownFileType = sourcecode.c.objc; path = MPNavigaionController.m; sourceTree = "<group>"; };
		5424E25120BD60E1008D76F2 /* MPSuperController.h */ = {isa = PBXFileReference; fileEncoding = 4; lastKnownFileType = sourcecode.c.h; path = MPSuperController.h; sourceTree = "<group>"; };
		5424E25420BD6532008D76F2 /* UIView+Size.h */ = {isa = PBXFileReference; fileEncoding = 4; lastKnownFileType = sourcecode.c.h; path = "UIView+Size.h"; sourceTree = "<group>"; };
		5424E25520BD6532008D76F2 /* UIView+Size.m */ = {isa = PBXFileReference; fileEncoding = 4; lastKnownFileType = sourcecode.c.objc; path = "UIView+Size.m"; sourceTree = "<group>"; };
		54531BD02094751F0015F8F8 /* MyPlayer.app */ = {isa = PBXFileReference; explicitFileType = wrapper.application; includeInIndex = 0; path = MyPlayer.app; sourceTree = BUILT_PRODUCTS_DIR; };
		54531BD32094751F0015F8F8 /* AppDelegate.h */ = {isa = PBXFileReference; lastKnownFileType = sourcecode.c.h; path = AppDelegate.h; sourceTree = "<group>"; };
		54531BD42094751F0015F8F8 /* AppDelegate.m */ = {isa = PBXFileReference; lastKnownFileType = sourcecode.c.objc; path = AppDelegate.m; sourceTree = "<group>"; };
		54531BDC209475200015F8F8 /* Assets.xcassets */ = {isa = PBXFileReference; lastKnownFileType = folder.assetcatalog; path = Assets.xcassets; sourceTree = "<group>"; };
		54531BE1209475200015F8F8 /* Info.plist */ = {isa = PBXFileReference; lastKnownFileType = text.plist.xml; path = Info.plist; sourceTree = "<group>"; };
		54531BE2209475200015F8F8 /* main.m */ = {isa = PBXFileReference; lastKnownFileType = sourcecode.c.objc; path = main.m; sourceTree = "<group>"; };
		54531BE9209476620015F8F8 /* MPViewController.h */ = {isa = PBXFileReference; lastKnownFileType = sourcecode.c.h; path = MPViewController.h; sourceTree = "<group>"; };
		54531BEA209476620015F8F8 /* MPViewController.m */ = {isa = PBXFileReference; lastKnownFileType = sourcecode.c.objc; path = MPViewController.m; sourceTree = "<group>"; };
		54531BEC20947CF10015F8F8 /* MPViewController.xib */ = {isa = PBXFileReference; lastKnownFileType = file.xib; path = MPViewController.xib; sourceTree = "<group>"; };
		546BA73C209C5C0C00BC87A8 /* MPSQLExecutor+SQLString.h */ = {isa = PBXFileReference; lastKnownFileType = sourcecode.c.h; path = "MPSQLExecutor+SQLString.h"; sourceTree = "<group>"; };
		546BA73D209C5C0C00BC87A8 /* MPSQLExecutor+SQLString.m */ = {isa = PBXFileReference; lastKnownFileType = sourcecode.c.objc; path = "MPSQLExecutor+SQLString.m"; sourceTree = "<group>"; };
		546BA73F209C5EF800BC87A8 /* MPSQLDescription.h */ = {isa = PBXFileReference; lastKnownFileType = sourcecode.c.h; path = MPSQLDescription.h; sourceTree = "<group>"; };
		546BA740209C5EF800BC87A8 /* MPSQLDescription.m */ = {isa = PBXFileReference; lastKnownFileType = sourcecode.c.objc; path = MPSQLDescription.m; sourceTree = "<group>"; };
		54BF937C20A1393C00B1A6E9 /* MPSQLFMDBSelector.h */ = {isa = PBXFileReference; lastKnownFileType = sourcecode.c.h; path = MPSQLFMDBSelector.h; sourceTree = "<group>"; };
		54BF937D20A1393C00B1A6E9 /* MPSQLFMDBSelector.m */ = {isa = PBXFileReference; lastKnownFileType = sourcecode.c.objc; path = MPSQLFMDBSelector.m; sourceTree = "<group>"; };
		54C1499C2096ACE600E5A095 /* MPAudioReceiver.h */ = {isa = PBXFileReference; lastKnownFileType = sourcecode.c.h; path = MPAudioReceiver.h; sourceTree = "<group>"; };
		54C1499D2096ACE600E5A095 /* MPAudioReceiver.m */ = {isa = PBXFileReference; lastKnownFileType = sourcecode.c.objc; path = MPAudioReceiver.m; sourceTree = "<group>"; };
		54C5F7472096FB1E0080A243 /* MPOriginPlayer.h */ = {isa = PBXFileReference; lastKnownFileType = sourcecode.c.h; path = MPOriginPlayer.h; sourceTree = "<group>"; };
		54C5F7482096FB1E0080A243 /* MPOriginPlayer.m */ = {isa = PBXFileReference; lastKnownFileType = sourcecode.c.objc; path = MPOriginPlayer.m; sourceTree = "<group>"; };
		54C5F74B20973FF10080A243 /* MPSQLExecutor.h */ = {isa = PBXFileReference; lastKnownFileType = sourcecode.c.h; path = MPSQLExecutor.h; sourceTree = "<group>"; };
		54C5F74C20973FF10080A243 /* MPSQLExecutor.m */ = {isa = PBXFileReference; lastKnownFileType = sourcecode.c.objc; path = MPSQLExecutor.m; sourceTree = "<group>"; };
		54C5F74E2097402E0080A243 /* MPSQLCondition.h */ = {isa = PBXFileReference; lastKnownFileType = sourcecode.c.h; path = MPSQLCondition.h; sourceTree = "<group>"; };
		54C5F74F2097402E0080A243 /* MPSQLCondition.m */ = {isa = PBXFileReference; lastKnownFileType = sourcecode.c.objc; path = MPSQLCondition.m; sourceTree = "<group>"; };
		54C5F751209741CC0080A243 /* MPSQLDataType.h */ = {isa = PBXFileReference; lastKnownFileType = sourcecode.c.h; path = MPSQLDataType.h; sourceTree = "<group>"; };
		54C5F752209746850080A243 /* MPSQLUtils.h */ = {isa = PBXFileReference; lastKnownFileType = sourcecode.c.h; path = MPSQLUtils.h; sourceTree = "<group>"; };
		8A205C55CB1DEB5DCA1DDEA2 /* libPods-MyPlayer.a */ = {isa = PBXFileReference; explicitFileType = archive.ar; includeInIndex = 0; path = "libPods-MyPlayer.a"; sourceTree = BUILT_PRODUCTS_DIR; };
		C3486214B9BF944D4578D66A /* Pods-MyPlayer.release.xcconfig */ = {isa = PBXFileReference; includeInIndex = 1; lastKnownFileType = text.xcconfig; name = "Pods-MyPlayer.release.xcconfig"; path = "Pods/Target Support Files/Pods-MyPlayer/Pods-MyPlayer.release.xcconfig"; sourceTree = "<group>"; };
/* End PBXFileReference section */

/* Begin PBXFrameworksBuildPhase section */
		54531BCD2094751F0015F8F8 /* Frameworks */ = {
			isa = PBXFrameworksBuildPhase;
			buildActionMask = 2147483647;
			files = (
				1D630BEBE70BE4F1DC04301D /* libPods-MyPlayer.a in Frameworks */,
			);
			runOnlyForDeploymentPostprocessing = 0;
		};
/* End PBXFrameworksBuildPhase section */

/* Begin PBXGroup section */
		5424E22C20BD5F36008D76F2 /* Tools */ = {
			isa = PBXGroup;
			children = (
				5424E25420BD6532008D76F2 /* UIView+Size.h */,
				5424E25520BD6532008D76F2 /* UIView+Size.m */,
				5424E22D20BD5F36008D76F2 /* NSString+MPTools.m */,
				5424E22E20BD5F36008D76F2 /* WeakBlock.h */,
				5424E22F20BD5F36008D76F2 /* LogMacroUtils.h */,
				5424E23020BD5F36008D76F2 /* NSString+MPTools.h */,
			);
			path = Tools;
			sourceTree = "<group>";
		};
		5424E23120BD5F36008D76F2 /* ListVC */ = {
			isa = PBXGroup;
			children = (
				5424E23320BD5F36008D76F2 /* MPAudioListVC.h */,
				5424E23720BD5F36008D76F2 /* MPAudioListVC.m */,
				5424E23220BD5F36008D76F2 /* MPAudioListCell.h */,
				5424E23520BD5F36008D76F2 /* MPAudioListCell.m */,
				5424E23620BD5F36008D76F2 /* MPAuidoListModel.h */,
				5424E23420BD5F36008D76F2 /* MPAuidoListModel.m */,
			);
			path = ListVC;
			sourceTree = "<group>";
		};
		5424E24320BD6027008D76F2 /* BaseModel */ = {
			isa = PBXGroup;
			children = (
				5424E24420BD6027008D76F2 /* MPAudioBasicInfo.h */,
				5424E24520BD6027008D76F2 /* MPAudioMetadata.m */,
				5424E24620BD6027008D76F2 /* MPAudioBasicInfo.m */,
				5424E24720BD6027008D76F2 /* MPAudioMetadata.h */,
			);
			path = BaseModel;
			sourceTree = "<group>";
		};
		5424E24D20BD60E1008D76F2 /* SuperUIItem */ = {
			isa = PBXGroup;
			children = (
				5424E24E20BD60E1008D76F2 /* MPNavigaionController.h */,
				5424E24F20BD60E1008D76F2 /* MPSuperController.m */,
				5424E25020BD60E1008D76F2 /* MPNavigaionController.m */,
				5424E25120BD60E1008D76F2 /* MPSuperController.h */,
			);
			path = SuperUIItem;
			sourceTree = "<group>";
		};
		54531BC72094751F0015F8F8 = {
			isa = PBXGroup;
			children = (
				54531BD22094751F0015F8F8 /* MyPlayer */,
				54531BD12094751F0015F8F8 /* Products */,
				D4484CDC1526A37D87A71E28 /* Pods */,
				B968466427BE69454114F758 /* Frameworks */,
			);
			sourceTree = "<group>";
		};
		54531BD12094751F0015F8F8 /* Products */ = {
			isa = PBXGroup;
			children = (
				54531BD02094751F0015F8F8 /* MyPlayer.app */,
			);
			name = Products;
			sourceTree = "<group>";
		};
		54531BD22094751F0015F8F8 /* MyPlayer */ = {
			isa = PBXGroup;
			children = (
				54531BD32094751F0015F8F8 /* AppDelegate.h */,
				54531BD42094751F0015F8F8 /* AppDelegate.m */,
				5424E24D20BD60E1008D76F2 /* SuperUIItem */,
				5424E24320BD6027008D76F2 /* BaseModel */,
				5424E23120BD5F36008D76F2 /* ListVC */,
				5424E22C20BD5F36008D76F2 /* Tools */,
				54531BE9209476620015F8F8 /* MPViewController.h */,
				54531BEA209476620015F8F8 /* MPViewController.m */,
				54531BEC20947CF10015F8F8 /* MPViewController.xib */,
				54C1499C2096ACE600E5A095 /* MPAudioReceiver.h */,
				54C1499D2096ACE600E5A095 /* MPAudioReceiver.m */,
				54C5F7472096FB1E0080A243 /* MPOriginPlayer.h */,
				54C5F7482096FB1E0080A243 /* MPOriginPlayer.m */,
				54C149942096AC8700E5A095 /* DBExecutor */,
				54531BDC209475200015F8F8 /* Assets.xcassets */,
				54531BE1209475200015F8F8 /* Info.plist */,
				54531BE2209475200015F8F8 /* main.m */,
			);
			path = MyPlayer;
			sourceTree = "<group>";
		};
		54C149942096AC8700E5A095 /* DBExecutor */ = {
			isa = PBXGroup;
			children = (
				54C5F74B20973FF10080A243 /* MPSQLExecutor.h */,
				54C5F74C20973FF10080A243 /* MPSQLExecutor.m */,
				546BA73C209C5C0C00BC87A8 /* MPSQLExecutor+SQLString.h */,
				546BA73D209C5C0C00BC87A8 /* MPSQLExecutor+SQLString.m */,
				546BA73F209C5EF800BC87A8 /* MPSQLDescription.h */,
				546BA740209C5EF800BC87A8 /* MPSQLDescription.m */,
				54C5F74E2097402E0080A243 /* MPSQLCondition.h */,
				54C5F74F2097402E0080A243 /* MPSQLCondition.m */,
				54C5F751209741CC0080A243 /* MPSQLDataType.h */,
				54C5F752209746850080A243 /* MPSQLUtils.h */,
				54BF937C20A1393C00B1A6E9 /* MPSQLFMDBSelector.h */,
				54BF937D20A1393C00B1A6E9 /* MPSQLFMDBSelector.m */,
			);
			path = DBExecutor;
			sourceTree = "<group>";
		};
		B968466427BE69454114F758 /* Frameworks */ = {
			isa = PBXGroup;
			children = (
				8A205C55CB1DEB5DCA1DDEA2 /* libPods-MyPlayer.a */,
			);
			name = Frameworks;
			sourceTree = "<group>";
		};
		D4484CDC1526A37D87A71E28 /* Pods */ = {
			isa = PBXGroup;
			children = (
				10CA878E998704BCA5B89D56 /* Pods-MyPlayer.debug.xcconfig */,
				C3486214B9BF944D4578D66A /* Pods-MyPlayer.release.xcconfig */,
			);
			name = Pods;
			sourceTree = "<group>";
		};
/* End PBXGroup section */

/* Begin PBXNativeTarget section */
		54531BCF2094751F0015F8F8 /* MyPlayer */ = {
			isa = PBXNativeTarget;
			buildConfigurationList = 54531BE6209475200015F8F8 /* Build configuration list for PBXNativeTarget "MyPlayer" */;
			buildPhases = (
				FF4F262000D19F523F0E7BB8 /* [CP] Check Pods Manifest.lock */,
				54531BCC2094751F0015F8F8 /* Sources */,
				54531BCD2094751F0015F8F8 /* Frameworks */,
				54531BCE2094751F0015F8F8 /* Resources */,
				A4514BB3A23A79184363CF7D /* [CP] Embed Pods Frameworks */,
				90DE4C085AA44C87A6B34C5B /* [CP] Copy Pods Resources */,
			);
			buildRules = (
			);
			dependencies = (
			);
			name = MyPlayer;
			productName = MyPlayer;
			productReference = 54531BD02094751F0015F8F8 /* MyPlayer.app */;
			productType = "com.apple.product-type.application";
		};
/* End PBXNativeTarget section */

/* Begin PBXProject section */
		54531BC82094751F0015F8F8 /* Project object */ = {
			isa = PBXProject;
			attributes = {
				LastUpgradeCheck = 0930;
				ORGANIZATIONNAME = MiaoChao;
				TargetAttributes = {
					54531BCF2094751F0015F8F8 = {
						CreatedOnToolsVersion = 9.3;
					};
				};
			};
			buildConfigurationList = 54531BCB2094751F0015F8F8 /* Build configuration list for PBXProject "MyPlayer" */;
			compatibilityVersion = "Xcode 9.3";
			developmentRegion = en;
			hasScannedForEncodings = 0;
			knownRegions = (
				en,
				Base,
			);
			mainGroup = 54531BC72094751F0015F8F8;
			productRefGroup = 54531BD12094751F0015F8F8 /* Products */;
			projectDirPath = "";
			projectRoot = "";
			targets = (
				54531BCF2094751F0015F8F8 /* MyPlayer */,
			);
		};
/* End PBXProject section */

/* Begin PBXResourcesBuildPhase section */
		54531BCE2094751F0015F8F8 /* Resources */ = {
			isa = PBXResourcesBuildPhase;
			buildActionMask = 2147483647;
			files = (
				54531BDD209475200015F8F8 /* Assets.xcassets in Resources */,
				54531BED20947CF10015F8F8 /* MPViewController.xib in Resources */,
			);
			runOnlyForDeploymentPostprocessing = 0;
		};
/* End PBXResourcesBuildPhase section */

/* Begin PBXShellScriptBuildPhase section */
		90DE4C085AA44C87A6B34C5B /* [CP] Copy Pods Resources */ = {
			isa = PBXShellScriptBuildPhase;
			buildActionMask = 2147483647;
			files = (
			);
			inputPaths = (
			);
			name = "[CP] Copy Pods Resources";
			outputPaths = (
			);
			runOnlyForDeploymentPostprocessing = 0;
			shellPath = /bin/sh;
			shellScript = "\"${SRCROOT}/Pods/Target Support Files/Pods-MyPlayer/Pods-MyPlayer-resources.sh\"\n";
			showEnvVarsInLog = 0;
		};
		A4514BB3A23A79184363CF7D /* [CP] Embed Pods Frameworks */ = {
			isa = PBXShellScriptBuildPhase;
			buildActionMask = 2147483647;
			files = (
			);
			inputPaths = (
			);
			name = "[CP] Embed Pods Frameworks";
			outputPaths = (
			);
			runOnlyForDeploymentPostprocessing = 0;
			shellPath = /bin/sh;
			shellScript = "\"${SRCROOT}/Pods/Target Support Files/Pods-MyPlayer/Pods-MyPlayer-frameworks.sh\"\n";
			showEnvVarsInLog = 0;
		};
		FF4F262000D19F523F0E7BB8 /* [CP] Check Pods Manifest.lock */ = {
			isa = PBXShellScriptBuildPhase;
			buildActionMask = 2147483647;
			files = (
			);
			inputPaths = (
				"${PODS_PODFILE_DIR_PATH}/Podfile.lock",
				"${PODS_ROOT}/Manifest.lock",
			);
			name = "[CP] Check Pods Manifest.lock";
			outputPaths = (
				"$(DERIVED_FILE_DIR)/Pods-MyPlayer-checkManifestLockResult.txt",
			);
			runOnlyForDeploymentPostprocessing = 0;
			shellPath = /bin/sh;
			shellScript = "diff \"${PODS_PODFILE_DIR_PATH}/Podfile.lock\" \"${PODS_ROOT}/Manifest.lock\" > /dev/null\nif [ $? != 0 ] ; then\n    # print error to STDERR\n    echo \"error: The sandbox is not in sync with the Podfile.lock. Run 'pod install' or update your CocoaPods installation.\" >&2\n    exit 1\nfi\n# This output is used by Xcode 'outputs' to avoid re-running this script phase.\necho \"SUCCESS\" > \"${SCRIPT_OUTPUT_FILE_0}\"\n";
			showEnvVarsInLog = 0;
		};
/* End PBXShellScriptBuildPhase section */

/* Begin PBXSourcesBuildPhase section */
		54531BCC2094751F0015F8F8 /* Sources */ = {
			isa = PBXSourcesBuildPhase;
			buildActionMask = 2147483647;
			files = (
				546BA741209C5EF800BC87A8 /* MPSQLDescription.m in Sources */,
				5424E23B20BD5F37008D76F2 /* MPAudioListVC.m in Sources */,
				5424E23920BD5F37008D76F2 /* MPAuidoListModel.m in Sources */,
				5424E25620BD6532008D76F2 /* UIView+Size.m in Sources */,
				546BA73E209C5C0C00BC87A8 /* MPSQLExecutor+SQLString.m in Sources */,
				54BF937E20A1393C00B1A6E9 /* MPSQLFMDBSelector.m in Sources */,
				5424E24920BD6027008D76F2 /* MPAudioBasicInfo.m in Sources */,
				54C1499E2096ACE600E5A095 /* MPAudioReceiver.m in Sources */,
				54531BE3209475200015F8F8 /* main.m in Sources */,
				5424E23A20BD5F37008D76F2 /* MPAudioListCell.m in Sources */,
				54C5F7492096FB1E0080A243 /* MPOriginPlayer.m in Sources */,
				5424E23820BD5F37008D76F2 /* NSString+MPTools.m in Sources */,
				5424E25220BD60E1008D76F2 /* MPSuperController.m in Sources */,
				54531BEB209476620015F8F8 /* MPViewController.m in Sources */,
				5424E24820BD6027008D76F2 /* MPAudioMetadata.m in Sources */,
				54C5F74D20973FF10080A243 /* MPSQLExecutor.m in Sources */,
				5424E25320BD60E1008D76F2 /* MPNavigaionController.m in Sources */,
				54531BD52094751F0015F8F8 /* AppDelegate.m in Sources */,
				54C5F7502097402E0080A243 /* MPSQLCondition.m in Sources */,
			);
			runOnlyForDeploymentPostprocessing = 0;
		};
/* End PBXSourcesBuildPhase section */

/* Begin XCBuildConfiguration section */
		54531BE4209475200015F8F8 /* Debug */ = {
			isa = XCBuildConfiguration;
			buildSettings = {
				ALWAYS_SEARCH_USER_PATHS = NO;
				CLANG_ANALYZER_NONNULL = YES;
				CLANG_ANALYZER_NUMBER_OBJECT_CONVERSION = YES_AGGRESSIVE;
				CLANG_CXX_LANGUAGE_STANDARD = "gnu++14";
				CLANG_CXX_LIBRARY = "libc++";
				CLANG_ENABLE_MODULES = YES;
				CLANG_ENABLE_OBJC_ARC = YES;
				CLANG_ENABLE_OBJC_WEAK = YES;
				CLANG_WARN_BLOCK_CAPTURE_AUTORELEASING = YES;
				CLANG_WARN_BOOL_CONVERSION = YES;
				CLANG_WARN_COMMA = YES;
				CLANG_WARN_CONSTANT_CONVERSION = YES;
				CLANG_WARN_DEPRECATED_OBJC_IMPLEMENTATIONS = YES;
				CLANG_WARN_DIRECT_OBJC_ISA_USAGE = YES_ERROR;
				CLANG_WARN_DOCUMENTATION_COMMENTS = YES;
				CLANG_WARN_EMPTY_BODY = YES;
				CLANG_WARN_ENUM_CONVERSION = YES;
				CLANG_WARN_INFINITE_RECURSION = YES;
				CLANG_WARN_INT_CONVERSION = YES;
				CLANG_WARN_NON_LITERAL_NULL_CONVERSION = YES;
				CLANG_WARN_OBJC_IMPLICIT_RETAIN_SELF = YES;
				CLANG_WARN_OBJC_LITERAL_CONVERSION = YES;
				CLANG_WARN_OBJC_ROOT_CLASS = YES_ERROR;
				CLANG_WARN_RANGE_LOOP_ANALYSIS = YES;
				CLANG_WARN_STRICT_PROTOTYPES = YES;
				CLANG_WARN_SUSPICIOUS_MOVE = YES;
				CLANG_WARN_UNGUARDED_AVAILABILITY = YES_AGGRESSIVE;
				CLANG_WARN_UNREACHABLE_CODE = YES;
				CLANG_WARN__DUPLICATE_METHOD_MATCH = YES;
				CODE_SIGN_IDENTITY = "iPhone Developer";
				COPY_PHASE_STRIP = NO;
				DEBUG_INFORMATION_FORMAT = dwarf;
				ENABLE_STRICT_OBJC_MSGSEND = YES;
				ENABLE_TESTABILITY = YES;
				GCC_C_LANGUAGE_STANDARD = gnu11;
				GCC_DYNAMIC_NO_PIC = NO;
				GCC_NO_COMMON_BLOCKS = YES;
				GCC_OPTIMIZATION_LEVEL = 0;
				GCC_PREPROCESSOR_DEFINITIONS = (
					"DEBUG=1",
					"$(inherited)",
				);
				GCC_WARN_64_TO_32_BIT_CONVERSION = YES;
				GCC_WARN_ABOUT_RETURN_TYPE = YES_ERROR;
				GCC_WARN_UNDECLARED_SELECTOR = YES;
				GCC_WARN_UNINITIALIZED_AUTOS = YES_AGGRESSIVE;
				GCC_WARN_UNUSED_FUNCTION = YES;
				GCC_WARN_UNUSED_VARIABLE = YES;
				IPHONEOS_DEPLOYMENT_TARGET = 11.3;
				MTL_ENABLE_DEBUG_INFO = YES;
				ONLY_ACTIVE_ARCH = YES;
				SDKROOT = iphoneos;
			};
			name = Debug;
		};
		54531BE5209475200015F8F8 /* Release */ = {
			isa = XCBuildConfiguration;
			buildSettings = {
				ALWAYS_SEARCH_USER_PATHS = NO;
				CLANG_ANALYZER_NONNULL = YES;
				CLANG_ANALYZER_NUMBER_OBJECT_CONVERSION = YES_AGGRESSIVE;
				CLANG_CXX_LANGUAGE_STANDARD = "gnu++14";
				CLANG_CXX_LIBRARY = "libc++";
				CLANG_ENABLE_MODULES = YES;
				CLANG_ENABLE_OBJC_ARC = YES;
				CLANG_ENABLE_OBJC_WEAK = YES;
				CLANG_WARN_BLOCK_CAPTURE_AUTORELEASING = YES;
				CLANG_WARN_BOOL_CONVERSION = YES;
				CLANG_WARN_COMMA = YES;
				CLANG_WARN_CONSTANT_CONVERSION = YES;
				CLANG_WARN_DEPRECATED_OBJC_IMPLEMENTATIONS = YES;
				CLANG_WARN_DIRECT_OBJC_ISA_USAGE = YES_ERROR;
				CLANG_WARN_DOCUMENTATION_COMMENTS = YES;
				CLANG_WARN_EMPTY_BODY = YES;
				CLANG_WARN_ENUM_CONVERSION = YES;
				CLANG_WARN_INFINITE_RECURSION = YES;
				CLANG_WARN_INT_CONVERSION = YES;
				CLANG_WARN_NON_LITERAL_NULL_CONVERSION = YES;
				CLANG_WARN_OBJC_IMPLICIT_RETAIN_SELF = YES;
				CLANG_WARN_OBJC_LITERAL_CONVERSION = YES;
				CLANG_WARN_OBJC_ROOT_CLASS = YES_ERROR;
				CLANG_WARN_RANGE_LOOP_ANALYSIS = YES;
				CLANG_WARN_STRICT_PROTOTYPES = YES;
				CLANG_WARN_SUSPICIOUS_MOVE = YES;
				CLANG_WARN_UNGUARDED_AVAILABILITY = YES_AGGRESSIVE;
				CLANG_WARN_UNREACHABLE_CODE = YES;
				CLANG_WARN__DUPLICATE_METHOD_MATCH = YES;
				CODE_SIGN_IDENTITY = "iPhone Developer";
				COPY_PHASE_STRIP = NO;
				DEBUG_INFORMATION_FORMAT = "dwarf-with-dsym";
				ENABLE_NS_ASSERTIONS = NO;
				ENABLE_STRICT_OBJC_MSGSEND = YES;
				GCC_C_LANGUAGE_STANDARD = gnu11;
				GCC_NO_COMMON_BLOCKS = YES;
				GCC_WARN_64_TO_32_BIT_CONVERSION = YES;
				GCC_WARN_ABOUT_RETURN_TYPE = YES_ERROR;
				GCC_WARN_UNDECLARED_SELECTOR = YES;
				GCC_WARN_UNINITIALIZED_AUTOS = YES_AGGRESSIVE;
				GCC_WARN_UNUSED_FUNCTION = YES;
				GCC_WARN_UNUSED_VARIABLE = YES;
				IPHONEOS_DEPLOYMENT_TARGET = 11.3;
				MTL_ENABLE_DEBUG_INFO = NO;
				SDKROOT = iphoneos;
				VALIDATE_PRODUCT = YES;
			};
			name = Release;
		};
		54531BE7209475200015F8F8 /* Debug */ = {
			isa = XCBuildConfiguration;
			baseConfigurationReference = 10CA878E998704BCA5B89D56 /* Pods-MyPlayer.debug.xcconfig */;
			buildSettings = {
				ASSETCATALOG_COMPILER_APPICON_NAME = AppIcon;
				ASSETCATALOG_COMPILER_LAUNCHIMAGE_NAME = LaunchImage;
				CODE_SIGN_STYLE = Automatic;
				DEVELOPMENT_TEAM = 96WC3K3Y48;
				INFOPLIST_FILE = MyPlayer/Info.plist;
				IPHONEOS_DEPLOYMENT_TARGET = 9.0;
				LD_RUNPATH_SEARCH_PATHS = (
					"$(inherited)",
					"@executable_path/Frameworks",
				);
				PRODUCT_BUNDLE_IDENTIFIER = com.miaochao.MyPlayer;
				PRODUCT_NAME = "$(TARGET_NAME)";
				TARGETED_DEVICE_FAMILY = "1,2";
			};
			name = Debug;
		};
		54531BE8209475200015F8F8 /* Release */ = {
			isa = XCBuildConfiguration;
			baseConfigurationReference = C3486214B9BF944D4578D66A /* Pods-MyPlayer.release.xcconfig */;
			buildSettings = {
				ASSETCATALOG_COMPILER_APPICON_NAME = AppIcon;
				ASSETCATALOG_COMPILER_LAUNCHIMAGE_NAME = LaunchImage;
				CODE_SIGN_STYLE = Automatic;
				DEVELOPMENT_TEAM = 96WC3K3Y48;
				INFOPLIST_FILE = MyPlayer/Info.plist;
				IPHONEOS_DEPLOYMENT_TARGET = 9.0;
				LD_RUNPATH_SEARCH_PATHS = (
					"$(inherited)",
					"@executable_path/Frameworks",
				);
				PRODUCT_BUNDLE_IDENTIFIER = com.miaochao.MyPlayer;
				PRODUCT_NAME = "$(TARGET_NAME)";
				TARGETED_DEVICE_FAMILY = "1,2";
			};
			name = Release;
		};
/* End XCBuildConfiguration section */

/* Begin XCConfigurationList section */
		54531BCB2094751F0015F8F8 /* Build configuration list for PBXProject "MyPlayer" */ = {
			isa = XCConfigurationList;
			buildConfigurations = (
				54531BE4209475200015F8F8 /* Debug */,
				54531BE5209475200015F8F8 /* Release */,
			);
			defaultConfigurationIsVisible = 0;
			defaultConfigurationName = Release;
		};
		54531BE6209475200015F8F8 /* Build configuration list for PBXNativeTarget "MyPlayer" */ = {
			isa = XCConfigurationList;
			buildConfigurations = (
				54531BE7209475200015F8F8 /* Debug */,
				54531BE8209475200015F8F8 /* Release */,
			);
			defaultConfigurationIsVisible = 0;
			defaultConfigurationName = Release;
		};
/* End XCConfigurationList section */
	};
	rootObject = 54531BC82094751F0015F8F8 /* Project object */;
}
